// !$*UTF8*$!
{
	archiveVersion = 1;
	classes = {
	};
	objectVersion = 55;
	objects = {

/* Begin PBXBuildFile section */
		2D38851D28EDF3B100073209 /* LocationDetail.swift in Sources */ = {isa = PBXBuildFile; fileRef = 2D38851C28EDF3B100073209 /* LocationDetail.swift */; };
		2D4963A828F0954C003E90BD /*  LocationCell.swift in Sources */ = {isa = PBXBuildFile; fileRef = 2D4963A728F0954C003E90BD /*  LocationCell.swift */; };
		2D4963AA28F09710003E90BD /* LocationActionButton.swift in Sources */ = {isa = PBXBuildFile; fileRef = 2D4963A928F09710003E90BD /* LocationActionButton.swift */; };
		2D4963AC28F09FB0003E90BD /*  FirstNameAvatarView.swift in Sources */ = {isa = PBXBuildFile; fileRef = 2D4963AB28F09FB0003E90BD /*  FirstNameAvatarView.swift */; };
		2D4963AE28F0A11C003E90BD /* BannerImageView.swift in Sources */ = {isa = PBXBuildFile; fileRef = 2D4963AD28F0A11C003E90BD /* BannerImageView.swift */; };
		2D79391327CFFE98002352A5 /* SafexClupApp.swift in Sources */ = {isa = PBXBuildFile; fileRef = 2D79391227CFFE98002352A5 /* SafexClupApp.swift */; };
		2D79391527CFFE98002352A5 /* ContentView.swift in Sources */ = {isa = PBXBuildFile; fileRef = 2D79391427CFFE98002352A5 /* ContentView.swift */; };
		2D79391727CFFE9D002352A5 /* Assets.xcassets in Resources */ = {isa = PBXBuildFile; fileRef = 2D79391627CFFE9D002352A5 /* Assets.xcassets */; };
		2D79391A27CFFE9D002352A5 /* Preview Assets.xcassets in Resources */ = {isa = PBXBuildFile; fileRef = 2D79391927CFFE9D002352A5 /* Preview Assets.xcassets */; };
		2D79392427CFFE9E002352A5 /* Animations2Tests.swift in Sources */ = {isa = PBXBuildFile; fileRef = 2D79392327CFFE9E002352A5 /* Animations2Tests.swift */; };
		2D79392E27CFFE9F002352A5 /* Animations2UITests.swift in Sources */ = {isa = PBXBuildFile; fileRef = 2D79392D27CFFE9F002352A5 /* Animations2UITests.swift */; };
		2D79393027CFFE9F002352A5 /* Animations2UITestsLaunchTests.swift in Sources */ = {isa = PBXBuildFile; fileRef = 2D79392F27CFFE9F002352A5 /* Animations2UITestsLaunchTests.swift */; };
		2D8640BC28F2D978004C2E04 /* CloudKitManager.swift in Sources */ = {isa = PBXBuildFile; fileRef = 2D8640BB28F2D978004C2E04 /* CloudKitManager.swift */; };
		2D8640BE28F2DA90004C2E04 /* CKRecord.swift in Sources */ = {isa = PBXBuildFile; fileRef = 2D8640BD28F2DA90004C2E04 /* CKRecord.swift */; };
		2D8640C228F2F0E9004C2E04 /* AlertItem.swift in Sources */ = {isa = PBXBuildFile; fileRef = 2D8640C128F2F0E9004C2E04 /* AlertItem.swift */; };
		2D898D4B28F1FDCF00FB9E00 /* LocationModel.swift in Sources */ = {isa = PBXBuildFile; fileRef = 2D898D4A28F1FDCF00FB9E00 /* LocationModel.swift */; };
		2D898D4D28F2050B00FB9E00 /* ProfileModel.swift in Sources */ = {isa = PBXBuildFile; fileRef = 2D898D4C28F2050B00FB9E00 /* ProfileModel.swift */; };
		2D898D4F28F205D600FB9E00 /* MockData.swift in Sources */ = {isa = PBXBuildFile; fileRef = 2D898D4E28F205D600FB9E00 /* MockData.swift */; };
		2D9F90A528F33DE700323C28 /* LocationMapViewModel.swift in Sources */ = {isa = PBXBuildFile; fileRef = 2D9F90A428F33DE700323C28 /* LocationMapViewModel.swift */; };
		2DB08C0128ED88BA0047715C /* Color+Ext.swift in Sources */ = {isa = PBXBuildFile; fileRef = 2DB08C0028ED88BA0047715C /* Color+Ext.swift */; };
		2DB08C0328ED9D500047715C /* LocationMapView.swift in Sources */ = {isa = PBXBuildFile; fileRef = 2DB08C0228ED9D500047715C /* LocationMapView.swift */; };
		2DB08C0528ED9D670047715C /*  LocationListView.swift in Sources */ = {isa = PBXBuildFile; fileRef = 2DB08C0428ED9D670047715C /*  LocationListView.swift */; };
		2DB08C0728ED9DB10047715C /*  ProfileView.swift in Sources */ = {isa = PBXBuildFile; fileRef = 2DB08C0628ED9DB10047715C /*  ProfileView.swift */; };
		2DD9DED828F41AC1009C5CAE /* Constants.swift in Sources */ = {isa = PBXBuildFile; fileRef = 2DD9DED728F41AC1009C5CAE /* Constants.swift */; };
		2DD9DEDA28F43434009C5CAE /* LocationManager.swift in Sources */ = {isa = PBXBuildFile; fileRef = 2DD9DED928F43434009C5CAE /* LocationManager.swift */; };
		2DE40BD028ECE4220075CB71 /* CloudKit.framework in Frameworks */ = {isa = PBXBuildFile; fileRef = 2DE40BCF28ECE4220075CB71 /* CloudKit.framework */; };
/* End PBXBuildFile section */

/* Begin PBXContainerItemProxy section */
		2D79392027CFFE9E002352A5 /* PBXContainerItemProxy */ = {
			isa = PBXContainerItemProxy;
			containerPortal = 2D79390727CFFE98002352A5 /* Project object */;
			proxyType = 1;
			remoteGlobalIDString = 2D79390E27CFFE98002352A5;
			remoteInfo = Animations2;
		};
		2D79392A27CFFE9F002352A5 /* PBXContainerItemProxy */ = {
			isa = PBXContainerItemProxy;
			containerPortal = 2D79390727CFFE98002352A5 /* Project object */;
			proxyType = 1;
			remoteGlobalIDString = 2D79390E27CFFE98002352A5;
			remoteInfo = Animations2;
		};
/* End PBXContainerItemProxy section */

/* Begin PBXFileReference section */
		2D38851C28EDF3B100073209 /* LocationDetail.swift */ = {isa = PBXFileReference; lastKnownFileType = sourcecode.swift; path = LocationDetail.swift; sourceTree = "<group>"; };
		2D4963A728F0954C003E90BD /*  LocationCell.swift */ = {isa = PBXFileReference; lastKnownFileType = sourcecode.swift; path = " LocationCell.swift"; sourceTree = "<group>"; };
		2D4963A928F09710003E90BD /* LocationActionButton.swift */ = {isa = PBXFileReference; lastKnownFileType = sourcecode.swift; path = LocationActionButton.swift; sourceTree = "<group>"; };
		2D4963AB28F09FB0003E90BD /*  FirstNameAvatarView.swift */ = {isa = PBXFileReference; lastKnownFileType = sourcecode.swift; path = " FirstNameAvatarView.swift"; sourceTree = "<group>"; };
		2D4963AD28F0A11C003E90BD /* BannerImageView.swift */ = {isa = PBXFileReference; lastKnownFileType = sourcecode.swift; path = BannerImageView.swift; sourceTree = "<group>"; };
		2D79390F27CFFE98002352A5 /* SafexClup.app */ = {isa = PBXFileReference; explicitFileType = wrapper.application; includeInIndex = 0; path = SafexClup.app; sourceTree = BUILT_PRODUCTS_DIR; };
		2D79391227CFFE98002352A5 /* SafexClupApp.swift */ = {isa = PBXFileReference; lastKnownFileType = sourcecode.swift; path = SafexClupApp.swift; sourceTree = "<group>"; };
		2D79391427CFFE98002352A5 /* ContentView.swift */ = {isa = PBXFileReference; lastKnownFileType = sourcecode.swift; path = ContentView.swift; sourceTree = "<group>"; };
		2D79391627CFFE9D002352A5 /* Assets.xcassets */ = {isa = PBXFileReference; lastKnownFileType = folder.assetcatalog; path = Assets.xcassets; sourceTree = "<group>"; };
		2D79391927CFFE9D002352A5 /* Preview Assets.xcassets */ = {isa = PBXFileReference; lastKnownFileType = folder.assetcatalog; path = "Preview Assets.xcassets"; sourceTree = "<group>"; };
		2D79391F27CFFE9E002352A5 /* SafexClupTests.xctest */ = {isa = PBXFileReference; explicitFileType = wrapper.cfbundle; includeInIndex = 0; path = SafexClupTests.xctest; sourceTree = BUILT_PRODUCTS_DIR; };
		2D79392327CFFE9E002352A5 /* Animations2Tests.swift */ = {isa = PBXFileReference; lastKnownFileType = sourcecode.swift; path = Animations2Tests.swift; sourceTree = "<group>"; };
		2D79392927CFFE9F002352A5 /* SafexClupUITests.xctest */ = {isa = PBXFileReference; explicitFileType = wrapper.cfbundle; includeInIndex = 0; path = SafexClupUITests.xctest; sourceTree = BUILT_PRODUCTS_DIR; };
		2D79392D27CFFE9F002352A5 /* Animations2UITests.swift */ = {isa = PBXFileReference; lastKnownFileType = sourcecode.swift; path = Animations2UITests.swift; sourceTree = "<group>"; };
		2D79392F27CFFE9F002352A5 /* Animations2UITestsLaunchTests.swift */ = {isa = PBXFileReference; lastKnownFileType = sourcecode.swift; path = Animations2UITestsLaunchTests.swift; sourceTree = "<group>"; };
		2D8640BB28F2D978004C2E04 /* CloudKitManager.swift */ = {isa = PBXFileReference; lastKnownFileType = sourcecode.swift; path = CloudKitManager.swift; sourceTree = "<group>"; };
		2D8640BD28F2DA90004C2E04 /* CKRecord.swift */ = {isa = PBXFileReference; lastKnownFileType = sourcecode.swift; path = CKRecord.swift; sourceTree = "<group>"; };
		2D8640C128F2F0E9004C2E04 /* AlertItem.swift */ = {isa = PBXFileReference; lastKnownFileType = sourcecode.swift; path = AlertItem.swift; sourceTree = "<group>"; };
		2D898D4A28F1FDCF00FB9E00 /* LocationModel.swift */ = {isa = PBXFileReference; lastKnownFileType = sourcecode.swift; path = LocationModel.swift; sourceTree = "<group>"; };
		2D898D4C28F2050B00FB9E00 /* ProfileModel.swift */ = {isa = PBXFileReference; lastKnownFileType = sourcecode.swift; path = ProfileModel.swift; sourceTree = "<group>"; };
		2D898D4E28F205D600FB9E00 /* MockData.swift */ = {isa = PBXFileReference; lastKnownFileType = sourcecode.swift; path = MockData.swift; sourceTree = "<group>"; };
		2D9F90A428F33DE700323C28 /* LocationMapViewModel.swift */ = {isa = PBXFileReference; lastKnownFileType = sourcecode.swift; path = LocationMapViewModel.swift; sourceTree = "<group>"; };
		2DB08C0028ED88BA0047715C /* Color+Ext.swift */ = {isa = PBXFileReference; lastKnownFileType = sourcecode.swift; path = "Color+Ext.swift"; sourceTree = "<group>"; };
		2DB08C0228ED9D500047715C /* LocationMapView.swift */ = {isa = PBXFileReference; lastKnownFileType = sourcecode.swift; path = LocationMapView.swift; sourceTree = "<group>"; };
		2DB08C0428ED9D670047715C /*  LocationListView.swift */ = {isa = PBXFileReference; lastKnownFileType = sourcecode.swift; path = " LocationListView.swift"; sourceTree = "<group>"; };
		2DB08C0628ED9DB10047715C /*  ProfileView.swift */ = {isa = PBXFileReference; lastKnownFileType = sourcecode.swift; path = " ProfileView.swift"; sourceTree = "<group>"; };
		2DD9DED728F41AC1009C5CAE /* Constants.swift */ = {isa = PBXFileReference; lastKnownFileType = sourcecode.swift; path = Constants.swift; sourceTree = "<group>"; };
		2DD9DED928F43434009C5CAE /* LocationManager.swift */ = {isa = PBXFileReference; lastKnownFileType = sourcecode.swift; path = LocationManager.swift; sourceTree = "<group>"; };
		2DE40BCD28ECE3C40075CB71 /* SafexClup.entitlements */ = {isa = PBXFileReference; lastKnownFileType = text.plist.entitlements; path = SafexClup.entitlements; sourceTree = "<group>"; };
		2DE40BCF28ECE4220075CB71 /* CloudKit.framework */ = {isa = PBXFileReference; lastKnownFileType = wrapper.framework; name = CloudKit.framework; path = System/Library/Frameworks/CloudKit.framework; sourceTree = SDKROOT; };
/* End PBXFileReference section */

/* Begin PBXFrameworksBuildPhase section */
		2D79390C27CFFE98002352A5 /* Frameworks */ = {
			isa = PBXFrameworksBuildPhase;
			buildActionMask = 2147483647;
			files = (
				2DE40BD028ECE4220075CB71 /* CloudKit.framework in Frameworks */,
			);
			runOnlyForDeploymentPostprocessing = 0;
		};
		2D79391C27CFFE9E002352A5 /* Frameworks */ = {
			isa = PBXFrameworksBuildPhase;
			buildActionMask = 2147483647;
			files = (
			);
			runOnlyForDeploymentPostprocessing = 0;
		};
		2D79392627CFFE9F002352A5 /* Frameworks */ = {
			isa = PBXFrameworksBuildPhase;
			buildActionMask = 2147483647;
			files = (
			);
			runOnlyForDeploymentPostprocessing = 0;
		};
/* End PBXFrameworksBuildPhase section */

/* Begin PBXGroup section */
		2D79390627CFFE98002352A5 = {
			isa = PBXGroup;
			children = (
				2D79391127CFFE98002352A5 /* SafexClup */,
				2D79392227CFFE9E002352A5 /* SafexClupTests */,
				2D79392C27CFFE9F002352A5 /* SafexClupUITests */,
				2D79391027CFFE98002352A5 /* Products */,
				2DE40BCE28ECE4220075CB71 /* Frameworks */,
			);
			sourceTree = "<group>";
		};
		2D79391027CFFE98002352A5 /* Products */ = {
			isa = PBXGroup;
			children = (
				2D79390F27CFFE98002352A5 /* SafexClup.app */,
				2D79391F27CFFE9E002352A5 /* SafexClupTests.xctest */,
				2D79392927CFFE9F002352A5 /* SafexClupUITests.xctest */,
			);
			name = Products;
			sourceTree = "<group>";
		};
		2D79391127CFFE98002352A5 /* SafexClup */ = {
			isa = PBXGroup;
			children = (
				2D8640BA28F2D8F0004C2E04 /* ViewModel */,
				2D898D4928F1FD9E00FB9E00 /* Model */,
				2DB08BFF28ED88920047715C /* View */,
				2DB08BFE28ED88800047715C /* Extension */,
				2DE40BCD28ECE3C40075CB71 /* SafexClup.entitlements */,
				2D79391227CFFE98002352A5 /* SafexClupApp.swift */,
				2D79391627CFFE9D002352A5 /* Assets.xcassets */,
				2D79391827CFFE9D002352A5 /* Preview Content */,
			);
			path = SafexClup;
			sourceTree = "<group>";
		};
		2D79391827CFFE9D002352A5 /* Preview Content */ = {
			isa = PBXGroup;
			children = (
				2D79391927CFFE9D002352A5 /* Preview Assets.xcassets */,
			);
			path = "Preview Content";
			sourceTree = "<group>";
		};
		2D79392227CFFE9E002352A5 /* SafexClupTests */ = {
			isa = PBXGroup;
			children = (
				2D79392327CFFE9E002352A5 /* Animations2Tests.swift */,
			);
			path = SafexClupTests;
			sourceTree = "<group>";
		};
		2D79392C27CFFE9F002352A5 /* SafexClupUITests */ = {
			isa = PBXGroup;
			children = (
				2D79392D27CFFE9F002352A5 /* Animations2UITests.swift */,
				2D79392F27CFFE9F002352A5 /* Animations2UITestsLaunchTests.swift */,
			);
			path = SafexClupUITests;
			sourceTree = "<group>";
		};
		2D8640BA28F2D8F0004C2E04 /* ViewModel */ = {
			isa = PBXGroup;
			children = (
				2D8640BB28F2D978004C2E04 /* CloudKitManager.swift */,
				2D9F90A428F33DE700323C28 /* LocationMapViewModel.swift */,
				2DD9DED928F43434009C5CAE /* LocationManager.swift */,
			);
			path = ViewModel;
			sourceTree = "<group>";
		};
		2D898D4928F1FD9E00FB9E00 /* Model */ = {
			isa = PBXGroup;
			children = (
				2D898D4A28F1FDCF00FB9E00 /* LocationModel.swift */,
				2D898D4C28F2050B00FB9E00 /* ProfileModel.swift */,
				2D898D4E28F205D600FB9E00 /* MockData.swift */,
				2D8640C128F2F0E9004C2E04 /* AlertItem.swift */,
			);
			path = Model;
			sourceTree = "<group>";
		};
		2DB08BFE28ED88800047715C /* Extension */ = {
			isa = PBXGroup;
			children = (
				2DB08C0028ED88BA0047715C /* Color+Ext.swift */,
				2D8640BD28F2DA90004C2E04 /* CKRecord.swift */,
				2DD9DED728F41AC1009C5CAE /* Constants.swift */,
			);
			path = Extension;
			sourceTree = "<group>";
		};
		2DB08BFF28ED88920047715C /* View */ = {
			isa = PBXGroup;
			children = (
				2D79391427CFFE98002352A5 /* ContentView.swift */,
				2DB08C0228ED9D500047715C /* LocationMapView.swift */,
				2DB08C0428ED9D670047715C /*  LocationListView.swift */,
				2DB08C0628ED9DB10047715C /*  ProfileView.swift */,
				2D38851C28EDF3B100073209 /* LocationDetail.swift */,
				2D4963A728F0954C003E90BD /*  LocationCell.swift */,
				2D4963A928F09710003E90BD /* LocationActionButton.swift */,
				2D4963AB28F09FB0003E90BD /*  FirstNameAvatarView.swift */,
				2D4963AD28F0A11C003E90BD /* BannerImageView.swift */,
			);
			path = View;
			sourceTree = "<group>";
		};
		2DE40BCE28ECE4220075CB71 /* Frameworks */ = {
			isa = PBXGroup;
			children = (
				2DE40BCF28ECE4220075CB71 /* CloudKit.framework */,
			);
			name = Frameworks;
			sourceTree = "<group>";
		};
/* End PBXGroup section */

/* Begin PBXNativeTarget section */
		2D79390E27CFFE98002352A5 /* SafexClup */ = {
			isa = PBXNativeTarget;
			buildConfigurationList = 2D79393327CFFE9F002352A5 /* Build configuration list for PBXNativeTarget "SafexClup" */;
			buildPhases = (
				2D79390B27CFFE98002352A5 /* Sources */,
				2D79390C27CFFE98002352A5 /* Frameworks */,
				2D79390D27CFFE98002352A5 /* Resources */,
			);
			buildRules = (
			);
			dependencies = (
			);
			name = SafexClup;
			productName = Animations2;
			productReference = 2D79390F27CFFE98002352A5 /* SafexClup.app */;
			productType = "com.apple.product-type.application";
		};
		2D79391E27CFFE9E002352A5 /* SafexClupTests */ = {
			isa = PBXNativeTarget;
			buildConfigurationList = 2D79393627CFFE9F002352A5 /* Build configuration list for PBXNativeTarget "SafexClupTests" */;
			buildPhases = (
				2D79391B27CFFE9E002352A5 /* Sources */,
				2D79391C27CFFE9E002352A5 /* Frameworks */,
				2D79391D27CFFE9E002352A5 /* Resources */,
			);
			buildRules = (
			);
			dependencies = (
				2D79392127CFFE9E002352A5 /* PBXTargetDependency */,
			);
			name = SafexClupTests;
			productName = Animations2Tests;
			productReference = 2D79391F27CFFE9E002352A5 /* SafexClupTests.xctest */;
			productType = "com.apple.product-type.bundle.unit-test";
		};
		2D79392827CFFE9F002352A5 /* SafexClupUITests */ = {
			isa = PBXNativeTarget;
			buildConfigurationList = 2D79393927CFFE9F002352A5 /* Build configuration list for PBXNativeTarget "SafexClupUITests" */;
			buildPhases = (
				2D79392527CFFE9F002352A5 /* Sources */,
				2D79392627CFFE9F002352A5 /* Frameworks */,
				2D79392727CFFE9F002352A5 /* Resources */,
			);
			buildRules = (
			);
			dependencies = (
				2D79392B27CFFE9F002352A5 /* PBXTargetDependency */,
			);
			name = SafexClupUITests;
			productName = Animations2UITests;
			productReference = 2D79392927CFFE9F002352A5 /* SafexClupUITests.xctest */;
			productType = "com.apple.product-type.bundle.ui-testing";
		};
/* End PBXNativeTarget section */

/* Begin PBXProject section */
		2D79390727CFFE98002352A5 /* Project object */ = {
			isa = PBXProject;
			attributes = {
				BuildIndependentTargetsInParallel = 1;
				LastSwiftUpdateCheck = 1320;
				LastUpgradeCheck = 1320;
				TargetAttributes = {
					2D79390E27CFFE98002352A5 = {
						CreatedOnToolsVersion = 13.2.1;
					};
					2D79391E27CFFE9E002352A5 = {
						CreatedOnToolsVersion = 13.2.1;
						TestTargetID = 2D79390E27CFFE98002352A5;
					};
					2D79392827CFFE9F002352A5 = {
						CreatedOnToolsVersion = 13.2.1;
						TestTargetID = 2D79390E27CFFE98002352A5;
					};
				};
			};
			buildConfigurationList = 2D79390A27CFFE98002352A5 /* Build configuration list for PBXProject "SafexClup" */;
			compatibilityVersion = "Xcode 13.0";
			developmentRegion = en;
			hasScannedForEncodings = 0;
			knownRegions = (
				en,
				Base,
			);
			mainGroup = 2D79390627CFFE98002352A5;
			productRefGroup = 2D79391027CFFE98002352A5 /* Products */;
			projectDirPath = "";
			projectRoot = "";
			targets = (
				2D79390E27CFFE98002352A5 /* SafexClup */,
				2D79391E27CFFE9E002352A5 /* SafexClupTests */,
				2D79392827CFFE9F002352A5 /* SafexClupUITests */,
			);
		};
/* End PBXProject section */

/* Begin PBXResourcesBuildPhase section */
		2D79390D27CFFE98002352A5 /* Resources */ = {
			isa = PBXResourcesBuildPhase;
			buildActionMask = 2147483647;
			files = (
				2D79391A27CFFE9D002352A5 /* Preview Assets.xcassets in Resources */,
				2D79391727CFFE9D002352A5 /* Assets.xcassets in Resources */,
			);
			runOnlyForDeploymentPostprocessing = 0;
		};
		2D79391D27CFFE9E002352A5 /* Resources */ = {
			isa = PBXResourcesBuildPhase;
			buildActionMask = 2147483647;
			files = (
			);
			runOnlyForDeploymentPostprocessing = 0;
		};
		2D79392727CFFE9F002352A5 /* Resources */ = {
			isa = PBXResourcesBuildPhase;
			buildActionMask = 2147483647;
			files = (
			);
			runOnlyForDeploymentPostprocessing = 0;
		};
/* End PBXResourcesBuildPhase section */

/* Begin PBXSourcesBuildPhase section */
		2D79390B27CFFE98002352A5 /* Sources */ = {
			isa = PBXSourcesBuildPhase;
			buildActionMask = 2147483647;
			files = (
				2D898D4D28F2050B00FB9E00 /* ProfileModel.swift in Sources */,
				2DD9DED828F41AC1009C5CAE /* Constants.swift in Sources */,
				2DB08C0128ED88BA0047715C /* Color+Ext.swift in Sources */,
				2D79391527CFFE98002352A5 /* ContentView.swift in Sources */,
				2D898D4F28F205D600FB9E00 /* MockData.swift in Sources */,
				2D4963AC28F09FB0003E90BD /*  FirstNameAvatarView.swift in Sources */,
				2DB08C0528ED9D670047715C /*  LocationListView.swift in Sources */,
				2D8640BE28F2DA90004C2E04 /* CKRecord.swift in Sources */,
				2D898D4B28F1FDCF00FB9E00 /* LocationModel.swift in Sources */,
				2D38851D28EDF3B100073209 /* LocationDetail.swift in Sources */,
				2DB08C0728ED9DB10047715C /*  ProfileView.swift in Sources */,
				2D9F90A528F33DE700323C28 /* LocationMapViewModel.swift in Sources */,
				2DD9DEDA28F43434009C5CAE /* LocationManager.swift in Sources */,
				2DB08C0328ED9D500047715C /* LocationMapView.swift in Sources */,
				2D79391327CFFE98002352A5 /* SafexClupApp.swift in Sources */,
				2D8640C228F2F0E9004C2E04 /* AlertItem.swift in Sources */,
				2D4963AA28F09710003E90BD /* LocationActionButton.swift in Sources */,
				2D4963A828F0954C003E90BD /*  LocationCell.swift in Sources */,
				2D4963AE28F0A11C003E90BD /* BannerImageView.swift in Sources */,
				2D8640BC28F2D978004C2E04 /* CloudKitManager.swift in Sources */,
			);
			runOnlyForDeploymentPostprocessing = 0;
		};
		2D79391B27CFFE9E002352A5 /* Sources */ = {
			isa = PBXSourcesBuildPhase;
			buildActionMask = 2147483647;
			files = (
				2D79392427CFFE9E002352A5 /* Animations2Tests.swift in Sources */,
			);
			runOnlyForDeploymentPostprocessing = 0;
		};
		2D79392527CFFE9F002352A5 /* Sources */ = {
			isa = PBXSourcesBuildPhase;
			buildActionMask = 2147483647;
			files = (
				2D79393027CFFE9F002352A5 /* Animations2UITestsLaunchTests.swift in Sources */,
				2D79392E27CFFE9F002352A5 /* Animations2UITests.swift in Sources */,
			);
			runOnlyForDeploymentPostprocessing = 0;
		};
/* End PBXSourcesBuildPhase section */

/* Begin PBXTargetDependency section */
		2D79392127CFFE9E002352A5 /* PBXTargetDependency */ = {
			isa = PBXTargetDependency;
			target = 2D79390E27CFFE98002352A5 /* SafexClup */;
			targetProxy = 2D79392027CFFE9E002352A5 /* PBXContainerItemProxy */;
		};
		2D79392B27CFFE9F002352A5 /* PBXTargetDependency */ = {
			isa = PBXTargetDependency;
			target = 2D79390E27CFFE98002352A5 /* SafexClup */;
			targetProxy = 2D79392A27CFFE9F002352A5 /* PBXContainerItemProxy */;
		};
/* End PBXTargetDependency section */

/* Begin XCBuildConfiguration section */
		2D79393127CFFE9F002352A5 /* Debug */ = {
			isa = XCBuildConfiguration;
			buildSettings = {
				ALWAYS_SEARCH_USER_PATHS = NO;
				CLANG_ANALYZER_NONNULL = YES;
				CLANG_ANALYZER_NUMBER_OBJECT_CONVERSION = YES_AGGRESSIVE;
				CLANG_CXX_LANGUAGE_STANDARD = "gnu++17";
				CLANG_CXX_LIBRARY = "libc++";
				CLANG_ENABLE_MODULES = YES;
				CLANG_ENABLE_OBJC_ARC = YES;
				CLANG_ENABLE_OBJC_WEAK = YES;
				CLANG_WARN_BLOCK_CAPTURE_AUTORELEASING = YES;
				CLANG_WARN_BOOL_CONVERSION = YES;
				CLANG_WARN_COMMA = YES;
				CLANG_WARN_CONSTANT_CONVERSION = YES;
				CLANG_WARN_DEPRECATED_OBJC_IMPLEMENTATIONS = YES;
				CLANG_WARN_DIRECT_OBJC_ISA_USAGE = YES_ERROR;
				CLANG_WARN_DOCUMENTATION_COMMENTS = YES;
				CLANG_WARN_EMPTY_BODY = YES;
				CLANG_WARN_ENUM_CONVERSION = YES;
				CLANG_WARN_INFINITE_RECURSION = YES;
				CLANG_WARN_INT_CONVERSION = YES;
				CLANG_WARN_NON_LITERAL_NULL_CONVERSION = YES;
				CLANG_WARN_OBJC_IMPLICIT_RETAIN_SELF = YES;
				CLANG_WARN_OBJC_LITERAL_CONVERSION = YES;
				CLANG_WARN_OBJC_ROOT_CLASS = YES_ERROR;
				CLANG_WARN_QUOTED_INCLUDE_IN_FRAMEWORK_HEADER = YES;
				CLANG_WARN_RANGE_LOOP_ANALYSIS = YES;
				CLANG_WARN_STRICT_PROTOTYPES = YES;
				CLANG_WARN_SUSPICIOUS_MOVE = YES;
				CLANG_WARN_UNGUARDED_AVAILABILITY = YES_AGGRESSIVE;
				CLANG_WARN_UNREACHABLE_CODE = YES;
				CLANG_WARN__DUPLICATE_METHOD_MATCH = YES;
				COPY_PHASE_STRIP = NO;
				DEBUG_INFORMATION_FORMAT = dwarf;
				"DSTROOT[sdk=*]" = "/tmp/$(PROJECT_NAME).dst";
				ENABLE_STRICT_OBJC_MSGSEND = YES;
				ENABLE_TESTABILITY = YES;
				GCC_C_LANGUAGE_STANDARD = gnu11;
				GCC_DYNAMIC_NO_PIC = NO;
				GCC_NO_COMMON_BLOCKS = YES;
				GCC_OPTIMIZATION_LEVEL = 0;
				GCC_PREPROCESSOR_DEFINITIONS = (
					"DEBUG=1",
					"$(inherited)",
				);
				GCC_WARN_64_TO_32_BIT_CONVERSION = YES;
				GCC_WARN_ABOUT_RETURN_TYPE = YES_ERROR;
				GCC_WARN_UNDECLARED_SELECTOR = YES;
				GCC_WARN_UNINITIALIZED_AUTOS = YES_AGGRESSIVE;
				GCC_WARN_UNUSED_FUNCTION = YES;
				GCC_WARN_UNUSED_VARIABLE = YES;
				IPHONEOS_DEPLOYMENT_TARGET = 15.2;
				MTL_ENABLE_DEBUG_INFO = INCLUDE_SOURCE;
				MTL_FAST_MATH = YES;
				ONLY_ACTIVE_ARCH = YES;
				SDKROOT = iphoneos;
				SWIFT_ACTIVE_COMPILATION_CONDITIONS = DEBUG;
				SWIFT_OPTIMIZATION_LEVEL = "-Onone";
			};
			name = Debug;
		};
		2D79393227CFFE9F002352A5 /* Release */ = {
			isa = XCBuildConfiguration;
			buildSettings = {
				ALWAYS_SEARCH_USER_PATHS = NO;
				CLANG_ANALYZER_NONNULL = YES;
				CLANG_ANALYZER_NUMBER_OBJECT_CONVERSION = YES_AGGRESSIVE;
				CLANG_CXX_LANGUAGE_STANDARD = "gnu++17";
				CLANG_CXX_LIBRARY = "libc++";
				CLANG_ENABLE_MODULES = YES;
				CLANG_ENABLE_OBJC_ARC = YES;
				CLANG_ENABLE_OBJC_WEAK = YES;
				CLANG_WARN_BLOCK_CAPTURE_AUTORELEASING = YES;
				CLANG_WARN_BOOL_CONVERSION = YES;
				CLANG_WARN_COMMA = YES;
				CLANG_WARN_CONSTANT_CONVERSION = YES;
				CLANG_WARN_DEPRECATED_OBJC_IMPLEMENTATIONS = YES;
				CLANG_WARN_DIRECT_OBJC_ISA_USAGE = YES_ERROR;
				CLANG_WARN_DOCUMENTATION_COMMENTS = YES;
				CLANG_WARN_EMPTY_BODY = YES;
				CLANG_WARN_ENUM_CONVERSION = YES;
				CLANG_WARN_INFINITE_RECURSION = YES;
				CLANG_WARN_INT_CONVERSION = YES;
				CLANG_WARN_NON_LITERAL_NULL_CONVERSION = YES;
				CLANG_WARN_OBJC_IMPLICIT_RETAIN_SELF = YES;
				CLANG_WARN_OBJC_LITERAL_CONVERSION = YES;
				CLANG_WARN_OBJC_ROOT_CLASS = YES_ERROR;
				CLANG_WARN_QUOTED_INCLUDE_IN_FRAMEWORK_HEADER = YES;
				CLANG_WARN_RANGE_LOOP_ANALYSIS = YES;
				CLANG_WARN_STRICT_PROTOTYPES = YES;
				CLANG_WARN_SUSPICIOUS_MOVE = YES;
				CLANG_WARN_UNGUARDED_AVAILABILITY = YES_AGGRESSIVE;
				CLANG_WARN_UNREACHABLE_CODE = YES;
				CLANG_WARN__DUPLICATE_METHOD_MATCH = YES;
				COPY_PHASE_STRIP = NO;
				DEBUG_INFORMATION_FORMAT = "dwarf-with-dsym";
				ENABLE_NS_ASSERTIONS = NO;
				ENABLE_STRICT_OBJC_MSGSEND = YES;
				GCC_C_LANGUAGE_STANDARD = gnu11;
				GCC_NO_COMMON_BLOCKS = YES;
				GCC_WARN_64_TO_32_BIT_CONVERSION = YES;
				GCC_WARN_ABOUT_RETURN_TYPE = YES_ERROR;
				GCC_WARN_UNDECLARED_SELECTOR = YES;
				GCC_WARN_UNINITIALIZED_AUTOS = YES_AGGRESSIVE;
				GCC_WARN_UNUSED_FUNCTION = YES;
				GCC_WARN_UNUSED_VARIABLE = YES;
				IPHONEOS_DEPLOYMENT_TARGET = 15.2;
				MTL_ENABLE_DEBUG_INFO = NO;
				MTL_FAST_MATH = YES;
				SDKROOT = iphoneos;
				SWIFT_COMPILATION_MODE = wholemodule;
				SWIFT_OPTIMIZATION_LEVEL = "-O";
				VALIDATE_PRODUCT = YES;
			};
			name = Release;
		};
		2D79393427CFFE9F002352A5 /* Debug */ = {
			isa = XCBuildConfiguration;
			buildSettings = {
				ASSETCATALOG_COMPILER_APPICON_NAME = AppIcon;
				ASSETCATALOG_COMPILER_GLOBAL_ACCENT_COLOR_NAME = AccentColor;
				CODE_SIGN_ENTITLEMENTS = SafexClup/SafexClup.entitlements;
				CODE_SIGN_STYLE = Automatic;
				CURRENT_PROJECT_VERSION = 1;
				DEVELOPMENT_ASSET_PATHS = "\"SafexClup/Preview Content\"";
				DEVELOPMENT_TEAM = 2H8H3AS73K;
				ENABLE_PREVIEWS = YES;
				GENERATE_INFOPLIST_FILE = YES;
				INFOPLIST_KEY_NSLocationWhenInUseUsageDescription = "this app needs your location to show to map";
				INFOPLIST_KEY_UIApplicationSceneManifest_Generation = YES;
				INFOPLIST_KEY_UIApplicationSupportsIndirectInputEvents = YES;
				INFOPLIST_KEY_UILaunchScreen_Generation = YES;
				INFOPLIST_KEY_UISupportedInterfaceOrientations_iPad = "UIInterfaceOrientationPortrait UIInterfaceOrientationPortraitUpsideDown UIInterfaceOrientationLandscapeLeft UIInterfaceOrientationLandscapeRight";
				INFOPLIST_KEY_UISupportedInterfaceOrientations_iPhone = "UIInterfaceOrientationPortrait UIInterfaceOrientationLandscapeLeft UIInterfaceOrientationLandscapeRight";
				LD_RUNPATH_SEARCH_PATHS = (
					"$(inherited)",
					"@executable_path/Frameworks",
				);
				MARKETING_VERSION = 1.0;
				PRODUCT_BUNDLE_IDENTIFIER = BMR.SafexClup;
				PRODUCT_NAME = SafexClup;
				SWIFT_EMIT_LOC_STRINGS = YES;
				SWIFT_VERSION = 5.0;
				TARGETED_DEVICE_FAMILY = "1,2";
			};
			name = Debug;
		};
		2D79393527CFFE9F002352A5 /* Release */ = {
			isa = XCBuildConfiguration;
			buildSettings = {
				ASSETCATALOG_COMPILER_APPICON_NAME = AppIcon;
				ASSETCATALOG_COMPILER_GLOBAL_ACCENT_COLOR_NAME = AccentColor;
				CODE_SIGN_ENTITLEMENTS = SafexClup/SafexClup.entitlements;
				CODE_SIGN_STYLE = Automatic;
				CURRENT_PROJECT_VERSION = 1;
				DEVELOPMENT_ASSET_PATHS = "\"SafexClup/Preview Content\"";
				ENABLE_PREVIEWS = YES;
				GENERATE_INFOPLIST_FILE = YES;
				INFOPLIST_KEY_NSLocationWhenInUseUsageDescription = "this app needs your location to show to map";
				INFOPLIST_KEY_UIApplicationSceneManifest_Generation = YES;
				INFOPLIST_KEY_UIApplicationSupportsIndirectInputEvents = YES;
				INFOPLIST_KEY_UILaunchScreen_Generation = YES;
				INFOPLIST_KEY_UISupportedInterfaceOrientations_iPad = "UIInterfaceOrientationPortrait UIInterfaceOrientationPortraitUpsideDown UIInterfaceOrientationLandscapeLeft UIInterfaceOrientationLandscapeRight";
				INFOPLIST_KEY_UISupportedInterfaceOrientations_iPhone = "UIInterfaceOrientationPortrait UIInterfaceOrientationLandscapeLeft UIInterfaceOrientationLandscapeRight";
				LD_RUNPATH_SEARCH_PATHS = (
					"$(inherited)",
					"@executable_path/Frameworks",
				);
				MARKETING_VERSION = 1.0;
				PRODUCT_BUNDLE_IDENTIFIER = BMR.SafexClup;
				PRODUCT_NAME = SafexClup;
				SWIFT_EMIT_LOC_STRINGS = YES;
				SWIFT_VERSION = 5.0;
				TARGETED_DEVICE_FAMILY = "1,2";
			};
			name = Release;
		};
		2D79393727CFFE9F002352A5 /* Debug */ = {
			isa = XCBuildConfiguration;
			buildSettings = {
				ALWAYS_EMBED_SWIFT_STANDARD_LIBRARIES = YES;
				BUNDLE_LOADER = "$(TEST_HOST)";
				CODE_SIGN_STYLE = Automatic;
				CURRENT_PROJECT_VERSION = 1;
				GENERATE_INFOPLIST_FILE = YES;
				IPHONEOS_DEPLOYMENT_TARGET = 15.2;
				MARKETING_VERSION = 1.0;
				PRODUCT_BUNDLE_IDENTIFIER = BMR.Animations2Tests;
				PRODUCT_NAME = "$(TARGET_NAME)";
				SWIFT_EMIT_LOC_STRINGS = NO;
				SWIFT_VERSION = 5.0;
				TARGETED_DEVICE_FAMILY = "1,2";
				TEST_HOST = "$(BUILT_PRODUCTS_DIR)/SafexClup.app/SafexClup";
			};
			name = Debug;
		};
		2D79393827CFFE9F002352A5 /* Release */ = {
			isa = XCBuildConfiguration;
			buildSettings = {
				ALWAYS_EMBED_SWIFT_STANDARD_LIBRARIES = YES;
				BUNDLE_LOADER = "$(TEST_HOST)";
				CODE_SIGN_STYLE = Automatic;
				CURRENT_PROJECT_VERSION = 1;
				GENERATE_INFOPLIST_FILE = YES;
				IPHONEOS_DEPLOYMENT_TARGET = 15.2;
				MARKETING_VERSION = 1.0;
				PRODUCT_BUNDLE_IDENTIFIER = BMR.Animations2Tests;
				PRODUCT_NAME = "$(TARGET_NAME)";
				SWIFT_EMIT_LOC_STRINGS = NO;
				SWIFT_VERSION = 5.0;
				TARGETED_DEVICE_FAMILY = "1,2";
				TEST_HOST = "$(BUILT_PRODUCTS_DIR)/SafexClup.app/SafexClup";
			};
			name = Release;
		};
		2D79393A27CFFE9F002352A5 /* Debug */ = {
			isa = XCBuildConfiguration;
			buildSettings = {
				ALWAYS_EMBED_SWIFT_STANDARD_LIBRARIES = YES;
				CODE_SIGN_STYLE = Automatic;
				CURRENT_PROJECT_VERSION = 1;
				GENERATE_INFOPLIST_FILE = YES;
				MARKETING_VERSION = 1.0;
				PRODUCT_BUNDLE_IDENTIFIER = BMR.Animations2UITests;
				PRODUCT_NAME = "$(TARGET_NAME)";
				SWIFT_EMIT_LOC_STRINGS = NO;
				SWIFT_VERSION = 5.0;
				TARGETED_DEVICE_FAMILY = "1,2";
				TEST_TARGET_NAME = Animations2;
			};
			name = Debug;
		};
		2D79393B27CFFE9F002352A5 /* Release */ = {
			isa = XCBuildConfiguration;
			buildSettings = {
				ALWAYS_EMBED_SWIFT_STANDARD_LIBRARIES = YES;
				CODE_SIGN_STYLE = Automatic;
				CURRENT_PROJECT_VERSION = 1;
				GENERATE_INFOPLIST_FILE = YES;
				MARKETING_VERSION = 1.0;
				PRODUCT_BUNDLE_IDENTIFIER = BMR.Animations2UITests;
				PRODUCT_NAME = "$(TARGET_NAME)";
				SWIFT_EMIT_LOC_STRINGS = NO;
				SWIFT_VERSION = 5.0;
				TARGETED_DEVICE_FAMILY = "1,2";
				TEST_TARGET_NAME = Animations2;
			};
			name = Release;
		};
/* End XCBuildConfiguration section */

/* Begin XCConfigurationList section */
		2D79390A27CFFE98002352A5 /* Build configuration list for PBXProject "SafexClup" */ = {
			isa = XCConfigurationList;
			buildConfigurations = (
				2D79393127CFFE9F002352A5 /* Debug */,
				2D79393227CFFE9F002352A5 /* Release */,
			);
			defaultConfigurationIsVisible = 0;
			defaultConfigurationName = Release;
		};
		2D79393327CFFE9F002352A5 /* Build configuration list for PBXNativeTarget "SafexClup" */ = {
			isa = XCConfigurationList;
			buildConfigurations = (
				2D79393427CFFE9F002352A5 /* Debug */,
				2D79393527CFFE9F002352A5 /* Release */,
			);
			defaultConfigurationIsVisible = 0;
			defaultConfigurationName = Release;
		};
		2D79393627CFFE9F002352A5 /* Build configuration list for PBXNativeTarget "SafexClupTests" */ = {
			isa = XCConfigurationList;
			buildConfigurations = (
				2D79393727CFFE9F002352A5 /* Debug */,
				2D79393827CFFE9F002352A5 /* Release */,
			);
			defaultConfigurationIsVisible = 0;
			defaultConfigurationName = Release;
		};
		2D79393927CFFE9F002352A5 /* Build configuration list for PBXNativeTarget "SafexClupUITests" */ = {
			isa = XCConfigurationList;
			buildConfigurations = (
				2D79393A27CFFE9F002352A5 /* Debug */,
				2D79393B27CFFE9F002352A5 /* Release */,
			);
			defaultConfigurationIsVisible = 0;
			defaultConfigurationName = Release;
		};
/* End XCConfigurationList section */
	};
	rootObject = 2D79390727CFFE98002352A5 /* Project object */;
}
